
Microsoft Visual Studio Solution File, Format Version 12.00
# Visual Studio 15
VisualStudioVersion = 15.0.28307.271
MinimumVisualStudioVersion = 10.0.40219.1
Project("{FAE04EC0-301F-11D3-BF4B-00C04F79EFBC}") = "SearchMeths", "SearchMeths\SearchMeths.csproj", "{96DD8735-A5EF-4252-826D-4E7305B5C8AD}"
EndProject
Global
	GlobalSection(SolutionConfigurationPlatforms) = preSolution
		Debug|Any CPU = Debug|Any CPU
		Release|Any CPU = Release|Any CPU
	EndGlobalSection
	GlobalSection(ProjectConfigurationPlatforms) = postSolution
		{96DD8735-A5EF-4252-826D-4E7305B5C8AD}.Debug|Any CPU.ActiveCfg = Debug|Any CPU
		{96DD8735-A5EF-4252-826D-4E7305B5C8AD}.Debug|Any CPU.Build.0 = Debug|Any CPU
		{96DD8735-A5EF-4252-826D-4E7305B5C8AD}.Release|Any CPU.ActiveCfg = Release|Any CPU
		{96DD8735-A5EF-4252-826D-4E7305B5C8AD}.Release|Any CPU.Build.0 = Release|Any CPU
	EndGlobalSection
	GlobalSection(SolutionProperties) = preSolution
		HideSolutionNode = FALSE
	EndGlobalSection
	GlobalSection(ExtensibilityGlobals) = postSolution
		SolutionGuid = {8D4B02DB-CE8C-46F8-8FAB-B0DD5D213238}
	EndGlobalSection
EndGlobal
