
Microsoft Visual Studio Solution File, Format Version 12.00
# Visual Studio 15
VisualStudioVersion = 15.0.28307.271
MinimumVisualStudioVersion = 10.0.40219.1
Project("{FAE04EC0-301F-11D3-BF4B-00C04F79EFBC}") = "Extension2", "Extension2\Extension2.csproj", "{BE060E96-365C-4C97-967F-863638BDA064}"
EndProject
Global
	GlobalSection(SolutionConfigurationPlatforms) = preSolution
		Debug|Any CPU = Debug|Any CPU
		Release|Any CPU = Release|Any CPU
	EndGlobalSection
	GlobalSection(ProjectConfigurationPlatforms) = postSolution
		{BE060E96-365C-4C97-967F-863638BDA064}.Debug|Any CPU.ActiveCfg = Debug|Any CPU
		{BE060E96-365C-4C97-967F-863638BDA064}.Debug|Any CPU.Build.0 = Debug|Any CPU
		{BE060E96-365C-4C97-967F-863638BDA064}.Release|Any CPU.ActiveCfg = Release|Any CPU
		{BE060E96-365C-4C97-967F-863638BDA064}.Release|Any CPU.Build.0 = Release|Any CPU
	EndGlobalSection
	GlobalSection(SolutionProperties) = preSolution
		HideSolutionNode = FALSE
	EndGlobalSection
	GlobalSection(ExtensibilityGlobals) = postSolution
		SolutionGuid = {DEA8BB0D-842D-4545-9E2B-E0EEA5FDC519}
	EndGlobalSection
EndGlobal
